
Microsoft Visual Studio Solution File, Format Version 12.00
# Visual Studio Version 16
VisualStudioVersion = 16.0.31025.194
MinimumVisualStudioVersion = 10.0.40219.1
Project("{FAE04EC0-301F-11D3-BF4B-00C04F79EFBC}") = "FirstJson", "FirstJson\FirstJson.csproj", "{68CC20F2-3541-490F-8757-A5EEA20409A1}"
EndProject
Global
	GlobalSection(SolutionConfigurationPlatforms) = preSolution
		Debug|Any CPU = Debug|Any CPU
		Release|Any CPU = Release|Any CPU
	EndGlobalSection
	GlobalSection(ProjectConfigurationPlatforms) = postSolution
		{68CC20F2-3541-490F-8757-A5EEA20409A1}.Debug|Any CPU.ActiveCfg = Debug|Any CPU
		{68CC20F2-3541-490F-8757-A5EEA20409A1}.Debug|Any CPU.Build.0 = Debug|Any CPU
		{68CC20F2-3541-490F-8757-A5EEA20409A1}.Release|Any CPU.ActiveCfg = Release|Any CPU
		{68CC20F2-3541-490F-8757-A5EEA20409A1}.Release|Any CPU.Build.0 = Release|Any CPU
	EndGlobalSection
	GlobalSection(SolutionProperties) = preSolution
		HideSolutionNode = FALSE
	EndGlobalSection
	GlobalSection(ExtensibilityGlobals) = postSolution
		SolutionGuid = {08F408F6-FE75-4A5A-834C-C10E20660862}
	EndGlobalSection
EndGlobal
